
Microsoft Visual Studio Solution File, Format Version 12.00
# Visual Studio Version 17
VisualStudioVersion = 17.7.34018.315
MinimumVisualStudioVersion = 10.0.40219.1
Project("{FAE04EC0-301F-11D3-BF4B-00C04F79EFBC}") = "Herança_e_Polimorfismo_10", "Herança_e_Polimorfismo_10\Herança_e_Polimorfismo_10.csproj", "{2ACCBF3A-36C2-4C8A-BE3B-E0818CE3D666}"
EndProject
Global
	GlobalSection(SolutionConfigurationPlatforms) = preSolution
		Debug|Any CPU = Debug|Any CPU
		Release|Any CPU = Release|Any CPU
	EndGlobalSection
	GlobalSection(ProjectConfigurationPlatforms) = postSolution
		{2ACCBF3A-36C2-4C8A-BE3B-E0818CE3D666}.Debug|Any CPU.ActiveCfg = Debug|Any CPU
		{2ACCBF3A-36C2-4C8A-BE3B-E0818CE3D666}.Debug|Any CPU.Build.0 = Debug|Any CPU
		{2ACCBF3A-36C2-4C8A-BE3B-E0818CE3D666}.Release|Any CPU.ActiveCfg = Release|Any CPU
		{2ACCBF3A-36C2-4C8A-BE3B-E0818CE3D666}.Release|Any CPU.Build.0 = Release|Any CPU
	EndGlobalSection
	GlobalSection(SolutionProperties) = preSolution
		HideSolutionNode = FALSE
	EndGlobalSection
	GlobalSection(ExtensibilityGlobals) = postSolution
		SolutionGuid = {F07361C9-D77B-4EBE-BE21-59D6D17FB115}
	EndGlobalSection
EndGlobal
